
Microsoft Visual Studio Solution File, Format Version 12.00
# Visual Studio Version 17
VisualStudioVersion = 17.9.34728.123
MinimumVisualStudioVersion = 10.0.40219.1
Project("{FAE04EC0-301F-11D3-BF4B-00C04F79EFBC}") = "Phap_THTuan3", "Phap_THTuan3\Phap_THTuan3.csproj", "{B0493FB4-D2B9-4146-96B9-AE108E105910}"
EndProject
Global
	GlobalSection(SolutionConfigurationPlatforms) = preSolution
		Debug|Any CPU = Debug|Any CPU
		Release|Any CPU = Release|Any CPU
	EndGlobalSection
	GlobalSection(ProjectConfigurationPlatforms) = postSolution
		{B0493FB4-D2B9-4146-96B9-AE108E105910}.Debug|Any CPU.ActiveCfg = Debug|Any CPU
		{B0493FB4-D2B9-4146-96B9-AE108E105910}.Debug|Any CPU.Build.0 = Debug|Any CPU
		{B0493FB4-D2B9-4146-96B9-AE108E105910}.Release|Any CPU.ActiveCfg = Release|Any CPU
		{B0493FB4-D2B9-4146-96B9-AE108E105910}.Release|Any CPU.Build.0 = Release|Any CPU
	EndGlobalSection
	GlobalSection(SolutionProperties) = preSolution
		HideSolutionNode = FALSE
	EndGlobalSection
	GlobalSection(ExtensibilityGlobals) = postSolution
		SolutionGuid = {20A38416-2571-4EE7-9D91-7DD906D905DA}
	EndGlobalSection
EndGlobal
